# This file is autogenerated, do not edit; changes may be undone by the next 'dep ensure'.


[[projects]]
  digest = "1:36805e6f7459fb5076560bd9154368d5105a1c60e761018fa45cc53f9549bcbe"
  name = "github.com/aws/aws-lambda-go"
  packages = [
    "events",
    "lambda",
    "lambda/handlertrace",
    "lambda/messages",
    "lambdacontext",
  ]
  pruneopts = ""
  revision = "65f8ccdbcd79184b0b71c622a31328b87e07e2e4"
  version = "v1.36.0"

[solve-meta]
  analyzer-name = "dep"
  analyzer-version = 1
  input-imports = [
    "github.com/aws/aws-lambda-go/events",
    "github.com/aws/aws-lambda-go/lambda",
  ]
  solver-name = "gps-cdcl"
  solver-version = 1
